
Microsoft Visual Studio Solution File, Format Version 12.00
# Visual Studio Version 16
VisualStudioVersion = 16.0.31313.79
MinimumVisualStudioVersion = 10.0.40219.1
Project("{FAE04EC0-301F-11D3-BF4B-00C04F79EFBC}") = "Shared.Model", "Shared.Model\Shared.Model.csproj", "{EFEB04AB-C907-40C8-AFD6-48AE284C08A2}"
EndProject
Project("{FAE04EC0-301F-11D3-BF4B-00C04F79EFBC}") = "OrderPublisher", "OrderPublisher\OrderPublisher.csproj", "{F9C47FD1-0E6F-4FDB-AC05-BB41A8C8ADD6}"
EndProject
Project("{FAE04EC0-301F-11D3-BF4B-00C04F79EFBC}") = "OrderConsumer", "OrderConsumer\OrderConsumer.csproj", "{A2670E86-B45E-4232-B440-55CAC7EF1C9F}"
EndProject
Global
	GlobalSection(SolutionConfigurationPlatforms) = preSolution
		Debug|Any CPU = Debug|Any CPU
		Release|Any CPU = Release|Any CPU
	EndGlobalSection
	GlobalSection(ProjectConfigurationPlatforms) = postSolution
		{EFEB04AB-C907-40C8-AFD6-48AE284C08A2}.Debug|Any CPU.ActiveCfg = Debug|Any CPU
		{EFEB04AB-C907-40C8-AFD6-48AE284C08A2}.Debug|Any CPU.Build.0 = Debug|Any CPU
		{EFEB04AB-C907-40C8-AFD6-48AE284C08A2}.Release|Any CPU.ActiveCfg = Release|Any CPU
		{EFEB04AB-C907-40C8-AFD6-48AE284C08A2}.Release|Any CPU.Build.0 = Release|Any CPU
		{F9C47FD1-0E6F-4FDB-AC05-BB41A8C8ADD6}.Debug|Any CPU.ActiveCfg = Debug|Any CPU
		{F9C47FD1-0E6F-4FDB-AC05-BB41A8C8ADD6}.Debug|Any CPU.Build.0 = Debug|Any CPU
		{F9C47FD1-0E6F-4FDB-AC05-BB41A8C8ADD6}.Release|Any CPU.ActiveCfg = Release|Any CPU
		{F9C47FD1-0E6F-4FDB-AC05-BB41A8C8ADD6}.Release|Any CPU.Build.0 = Release|Any CPU
		{A2670E86-B45E-4232-B440-55CAC7EF1C9F}.Debug|Any CPU.ActiveCfg = Debug|Any CPU
		{A2670E86-B45E-4232-B440-55CAC7EF1C9F}.Debug|Any CPU.Build.0 = Debug|Any CPU
		{A2670E86-B45E-4232-B440-55CAC7EF1C9F}.Release|Any CPU.ActiveCfg = Release|Any CPU
		{A2670E86-B45E-4232-B440-55CAC7EF1C9F}.Release|Any CPU.Build.0 = Release|Any CPU
	EndGlobalSection
	GlobalSection(SolutionProperties) = preSolution
		HideSolutionNode = FALSE
	EndGlobalSection
	GlobalSection(ExtensibilityGlobals) = postSolution
		SolutionGuid = {A0CCEFAB-0310-4146-8B06-0560E9296F67}
	EndGlobalSection
EndGlobal
